
Microsoft Visual Studio Solution File, Format Version 12.00
# Visual Studio Version 16
VisualStudioVersion = 16.0.28729.10
MinimumVisualStudioVersion = 10.0.40219.1
Project("{FAE04EC0-301F-11D3-BF4B-00C04F79EFBC}") = "Filler", "Filler\Filler.csproj", "{1717EA1B-B996-40EF-8D8F-48176492D262}"
EndProject
Project("{2150E333-8FDC-42A3-9474-1A3956D46DE8}") = "Nira", "Nira", "{CD8A8C6E-1C57-43AB-AED9-835CE1266E4A}"
	ProjectSection(SolutionItems) = preProject
		.editorconfig = .editorconfig
	EndProjectSection
EndProject
Project("{FAE04EC0-301F-11D3-BF4B-00C04F79EFBC}") = "ImageFiller", "ImageFiller\ImageFiller.csproj", "{1CB9182B-1FE1-4A05-B3F5-AEA57C0BDEB1}"
EndProject
Project("{FAE04EC0-301F-11D3-BF4B-00C04F79EFBC}") = "DirectoryFiller", "DirectoryFiller\DirectoryFiller.csproj", "{0307DC41-5DDB-46C7-A80B-94257CB24AD6}"
EndProject
Project("{FAE04EC0-301F-11D3-BF4B-00C04F79EFBC}") = "Stamper", "Stamper\Stamper.csproj", "{42D3896F-45E0-4C7E-AC61-3D1EBC218FBC}"
EndProject
Project("{FAE04EC0-301F-11D3-BF4B-00C04F79EFBC}") = "Dupe", "Dupe\Dupe.csproj", "{FDDDA536-2302-4CB6-AF26-ABF9A8D29AFA}"
EndProject
Project("{FAE04EC0-301F-11D3-BF4B-00C04F79EFBC}") = "ﾆﾗ", "ﾆﾗ\ﾆﾗ.csproj", "{8007ACD9-0335-46D7-A249-EF1B883A7F1A}"
EndProject
Global
	GlobalSection(SolutionConfigurationPlatforms) = preSolution
		Debug|Any CPU = Debug|Any CPU
		Release|Any CPU = Release|Any CPU
	EndGlobalSection
	GlobalSection(ProjectConfigurationPlatforms) = postSolution
		{1717EA1B-B996-40EF-8D8F-48176492D262}.Debug|Any CPU.ActiveCfg = Debug|Any CPU
		{1717EA1B-B996-40EF-8D8F-48176492D262}.Debug|Any CPU.Build.0 = Debug|Any CPU
		{1717EA1B-B996-40EF-8D8F-48176492D262}.Release|Any CPU.ActiveCfg = Release|Any CPU
		{1717EA1B-B996-40EF-8D8F-48176492D262}.Release|Any CPU.Build.0 = Release|Any CPU
		{1CB9182B-1FE1-4A05-B3F5-AEA57C0BDEB1}.Debug|Any CPU.ActiveCfg = Debug|Any CPU
		{1CB9182B-1FE1-4A05-B3F5-AEA57C0BDEB1}.Debug|Any CPU.Build.0 = Debug|Any CPU
		{1CB9182B-1FE1-4A05-B3F5-AEA57C0BDEB1}.Release|Any CPU.ActiveCfg = Release|Any CPU
		{1CB9182B-1FE1-4A05-B3F5-AEA57C0BDEB1}.Release|Any CPU.Build.0 = Release|Any CPU
		{0307DC41-5DDB-46C7-A80B-94257CB24AD6}.Debug|Any CPU.ActiveCfg = Debug|Any CPU
		{0307DC41-5DDB-46C7-A80B-94257CB24AD6}.Debug|Any CPU.Build.0 = Debug|Any CPU
		{0307DC41-5DDB-46C7-A80B-94257CB24AD6}.Release|Any CPU.ActiveCfg = Release|Any CPU
		{0307DC41-5DDB-46C7-A80B-94257CB24AD6}.Release|Any CPU.Build.0 = Release|Any CPU
		{42D3896F-45E0-4C7E-AC61-3D1EBC218FBC}.Debug|Any CPU.ActiveCfg = Debug|Any CPU
		{42D3896F-45E0-4C7E-AC61-3D1EBC218FBC}.Debug|Any CPU.Build.0 = Debug|Any CPU
		{42D3896F-45E0-4C7E-AC61-3D1EBC218FBC}.Release|Any CPU.ActiveCfg = Release|Any CPU
		{42D3896F-45E0-4C7E-AC61-3D1EBC218FBC}.Release|Any CPU.Build.0 = Release|Any CPU
		{FDDDA536-2302-4CB6-AF26-ABF9A8D29AFA}.Debug|Any CPU.ActiveCfg = Debug|Any CPU
		{FDDDA536-2302-4CB6-AF26-ABF9A8D29AFA}.Debug|Any CPU.Build.0 = Debug|Any CPU
		{FDDDA536-2302-4CB6-AF26-ABF9A8D29AFA}.Release|Any CPU.ActiveCfg = Release|Any CPU
		{FDDDA536-2302-4CB6-AF26-ABF9A8D29AFA}.Release|Any CPU.Build.0 = Release|Any CPU
		{8007ACD9-0335-46D7-A249-EF1B883A7F1A}.Debug|Any CPU.ActiveCfg = Debug|Any CPU
		{8007ACD9-0335-46D7-A249-EF1B883A7F1A}.Debug|Any CPU.Build.0 = Debug|Any CPU
		{8007ACD9-0335-46D7-A249-EF1B883A7F1A}.Release|Any CPU.ActiveCfg = Release|Any CPU
		{8007ACD9-0335-46D7-A249-EF1B883A7F1A}.Release|Any CPU.Build.0 = Release|Any CPU
	EndGlobalSection
	GlobalSection(SolutionProperties) = preSolution
		HideSolutionNode = FALSE
	EndGlobalSection
	GlobalSection(ExtensibilityGlobals) = postSolution
		SolutionGuid = {B07223D3-CF4D-4748-998A-28F7C748F0BE}
	EndGlobalSection
EndGlobal
